
Microsoft Visual Studio Solution File, Format Version 12.00
# Visual Studio Version 17
VisualStudioVersion = 17.5.002.0
MinimumVisualStudioVersion = 10.0.40219.1
Project("{9A19103F-16F7-4668-BE54-9A1E7A4F7556}") = "Lab2CSharp", "Lab2CSharp\Lab2CSharp.csproj", "{60BD517D-C1DD-43F0-8C50-98F1F3D24ED4}"
EndProject
Project("{2150E333-8FDC-42A3-9474-1A3956D46DE8}") = "csharpla2-Palamar", "csharpla2-Palamar", "{8BE66A9D-9032-418E-BC90-61FFB5FF2E26}"
EndProject
Project("{9A19103F-16F7-4668-BE54-9A1E7A4F7556}") = "csharpla2-Palamar", "csharpla2-Palamar\csharpla2-Palamar\csharpla2-Palamar.csproj", "{6E264BD2-4854-4BF1-A054-06B8A3671115}"
EndProject
Global
	GlobalSection(SolutionConfigurationPlatforms) = preSolution
		Debug|Any CPU = Debug|Any CPU
		Release|Any CPU = Release|Any CPU
	EndGlobalSection
	GlobalSection(ProjectConfigurationPlatforms) = postSolution
		{60BD517D-C1DD-43F0-8C50-98F1F3D24ED4}.Debug|Any CPU.ActiveCfg = Debug|Any CPU
		{60BD517D-C1DD-43F0-8C50-98F1F3D24ED4}.Debug|Any CPU.Build.0 = Debug|Any CPU
		{60BD517D-C1DD-43F0-8C50-98F1F3D24ED4}.Release|Any CPU.ActiveCfg = Release|Any CPU
		{60BD517D-C1DD-43F0-8C50-98F1F3D24ED4}.Release|Any CPU.Build.0 = Release|Any CPU
		{6E264BD2-4854-4BF1-A054-06B8A3671115}.Debug|Any CPU.ActiveCfg = Debug|Any CPU
		{6E264BD2-4854-4BF1-A054-06B8A3671115}.Debug|Any CPU.Build.0 = Debug|Any CPU
		{6E264BD2-4854-4BF1-A054-06B8A3671115}.Release|Any CPU.ActiveCfg = Release|Any CPU
		{6E264BD2-4854-4BF1-A054-06B8A3671115}.Release|Any CPU.Build.0 = Release|Any CPU
	EndGlobalSection
	GlobalSection(SolutionProperties) = preSolution
		HideSolutionNode = FALSE
	EndGlobalSection
	GlobalSection(NestedProjects) = preSolution
		{6E264BD2-4854-4BF1-A054-06B8A3671115} = {8BE66A9D-9032-418E-BC90-61FFB5FF2E26}
	EndGlobalSection
	GlobalSection(ExtensibilityGlobals) = postSolution
		SolutionGuid = {19C4E7B9-8593-490D-A2E5-B0FFE71C86BB}
	EndGlobalSection
EndGlobal
